
Microsoft Visual Studio Solution File, Format Version 12.00
# Visual Studio Version 16
VisualStudioVersion = 16.0.30621.155
MinimumVisualStudioVersion = 10.0.40219.1
Project("{FAE04EC0-301F-11D3-BF4B-00C04F79EFBC}") = "ATM", "ATM\ATM.csproj", "{73BB07AD-5180-44D9-91E9-DBFC32B8A786}"
EndProject
Global
	GlobalSection(SolutionConfigurationPlatforms) = preSolution
		Debug|Any CPU = Debug|Any CPU
		Release|Any CPU = Release|Any CPU
	EndGlobalSection
	GlobalSection(ProjectConfigurationPlatforms) = postSolution
		{73BB07AD-5180-44D9-91E9-DBFC32B8A786}.Debug|Any CPU.ActiveCfg = Debug|Any CPU
		{73BB07AD-5180-44D9-91E9-DBFC32B8A786}.Debug|Any CPU.Build.0 = Debug|Any CPU
		{73BB07AD-5180-44D9-91E9-DBFC32B8A786}.Release|Any CPU.ActiveCfg = Release|Any CPU
		{73BB07AD-5180-44D9-91E9-DBFC32B8A786}.Release|Any CPU.Build.0 = Release|Any CPU
	EndGlobalSection
	GlobalSection(SolutionProperties) = preSolution
		HideSolutionNode = FALSE
	EndGlobalSection
	GlobalSection(ExtensibilityGlobals) = postSolution
		SolutionGuid = {49704F1D-FEA2-4D6A-8B2D-F7CA998D108D}
	EndGlobalSection
EndGlobal
